
Microsoft Visual Studio Solution File, Format Version 12.00
# Visual Studio Version 17
VisualStudioVersion = 17.5.33516.290
MinimumVisualStudioVersion = 10.0.40219.1
Project("{FAE04EC0-301F-11D3-BF4B-00C04F79EFBC}") = "Assignment9", "Assignment9\Assignment9.csproj", "{55A5B99F-DF65-4525-A5EC-0B3A0E3B18D2}"
EndProject
Project("{2150E333-8FDC-42A3-9474-1A3956D46DE8}") = "Solution Items", "Solution Items", "{A052FB8B-7C49-4688-902D-C6F85A40BAB6}"
	ProjectSection(SolutionItems) = preProject
		.editorconfig = .editorconfig
	EndProjectSection
EndProject
Global
	GlobalSection(SolutionConfigurationPlatforms) = preSolution
		Debug|Any CPU = Debug|Any CPU
		Release|Any CPU = Release|Any CPU
	EndGlobalSection
	GlobalSection(ProjectConfigurationPlatforms) = postSolution
		{55A5B99F-DF65-4525-A5EC-0B3A0E3B18D2}.Debug|Any CPU.ActiveCfg = Debug|Any CPU
		{55A5B99F-DF65-4525-A5EC-0B3A0E3B18D2}.Debug|Any CPU.Build.0 = Debug|Any CPU
		{55A5B99F-DF65-4525-A5EC-0B3A0E3B18D2}.Release|Any CPU.ActiveCfg = Release|Any CPU
		{55A5B99F-DF65-4525-A5EC-0B3A0E3B18D2}.Release|Any CPU.Build.0 = Release|Any CPU
	EndGlobalSection
	GlobalSection(SolutionProperties) = preSolution
		HideSolutionNode = FALSE
	EndGlobalSection
	GlobalSection(ExtensibilityGlobals) = postSolution
		SolutionGuid = {8473156E-F776-4FE1-9E05-56F10B46557A}
	EndGlobalSection
EndGlobal
